
Microsoft Visual Studio Solution File, Format Version 12.00
# Visual Studio Version 17
VisualStudioVersion = 17.4.33103.184
MinimumVisualStudioVersion = 10.0.40219.1
Project("{2150E333-8FDC-42A3-9474-1A3956D46DE8}") = "Estrutural", "Estrutural", "{969FCDBC-7124-4157-9B4E-7A10D8BE1789}"
EndProject
Project("{2150E333-8FDC-42A3-9474-1A3956D46DE8}") = "Comportamental", "Comportamental", "{30EB1E54-1679-44BF-9315-0B544374D3A9}"
EndProject
Project("{2150E333-8FDC-42A3-9474-1A3956D46DE8}") = "Criacional", "Criacional", "{BB00BF7A-1162-49F4-86CF-841B8F8AB8D6}"
EndProject
Global
	GlobalSection(SolutionProperties) = preSolution
		HideSolutionNode = FALSE
	EndGlobalSection
	GlobalSection(ExtensibilityGlobals) = postSolution
		SolutionGuid = {20C3DC80-2699-4139-8549-51943B7BD5C2}
	EndGlobalSection
EndGlobal
